{
  "requires": true,
  "lockfileVersion": 1,
  "dependencies": {
    "@yaireo/tagify": {
      "version": "3.17.10",
      "resolved": "https://registry.npmjs.org/@yaireo/tagify/-/tagify-3.17.10.tgz",
      "integrity": "sha512-uZMwekkks6+W71FD/zKiECgh9yQYGwDmX2YI4q8zWCNdeNEy4nKqBIsyq3EuftU9Fa9AzgAiQb4Y78eIE+sdwA=="
    }
  }
}
